
Microsoft Visual Studio Solution File, Format Version 12.00
# Visual Studio Version 17
VisualStudioVersion = 17.1.32328.378
MinimumVisualStudioVersion = 10.0.40219.1
Project("{FAE04EC0-301F-11D3-BF4B-00C04F79EFBC}") = "BasicCoreProblem", "BasicCoreProblem\BasicCoreProblem.csproj", "{A5C4BD05-6EA7-4E0C-BD0F-D3FD9123DC88}"
EndProject
Global
	GlobalSection(SolutionConfigurationPlatforms) = preSolution
		Debug|Any CPU = Debug|Any CPU
		Release|Any CPU = Release|Any CPU
	EndGlobalSection
	GlobalSection(ProjectConfigurationPlatforms) = postSolution
		{A5C4BD05-6EA7-4E0C-BD0F-D3FD9123DC88}.Debug|Any CPU.ActiveCfg = Debug|Any CPU
		{A5C4BD05-6EA7-4E0C-BD0F-D3FD9123DC88}.Debug|Any CPU.Build.0 = Debug|Any CPU
		{A5C4BD05-6EA7-4E0C-BD0F-D3FD9123DC88}.Release|Any CPU.ActiveCfg = Release|Any CPU
		{A5C4BD05-6EA7-4E0C-BD0F-D3FD9123DC88}.Release|Any CPU.Build.0 = Release|Any CPU
	EndGlobalSection
	GlobalSection(SolutionProperties) = preSolution
		HideSolutionNode = FALSE
	EndGlobalSection
	GlobalSection(ExtensibilityGlobals) = postSolution
		SolutionGuid = {A550B37B-525F-4333-B53B-4D150107F7F1}
	EndGlobalSection
EndGlobal
